// !$*UTF8*$!
{
	archiveVersion = 1;
	classes = {
	};
	objectVersion = 48;
	objects = {

/* Begin PBXBuildFile section */
		0FDDEE841F8C29B90012A79D /* DataSink.swift in Sources */ = {isa = PBXBuildFile; fileRef = 0FDDEE831F8C29B90012A79D /* DataSink.swift */; };
		4B12BCC81F8C376100F1E62D /* SoundManager.swift in Sources */ = {isa = PBXBuildFile; fileRef = 4B12BCC71F8C376100F1E62D /* SoundManager.swift */; };
		4B3962601F8ACCE7003238AB /* SplashViewController.swift in Sources */ = {isa = PBXBuildFile; fileRef = 4B39625F1F8ACCE7003238AB /* SplashViewController.swift */; };
		4BB118421F89EF94002DAB2B /* OptionsMenuViewController.swift in Sources */ = {isa = PBXBuildFile; fileRef = 4BB118411F89EF94002DAB2B /* OptionsMenuViewController.swift */; };
		4BB118461F8A2511002DAB2B /* SoundOptionsMenuViewController.swift in Sources */ = {isa = PBXBuildFile; fileRef = 4BB118451F8A2511002DAB2B /* SoundOptionsMenuViewController.swift */; };
		4BB118481F8A297A002DAB2B /* NetworkOptionsMenuViewController.swift in Sources */ = {isa = PBXBuildFile; fileRef = 4BB118471F8A297A002DAB2B /* NetworkOptionsMenuViewController.swift */; };
		4BB1184A1F8A3096002DAB2B /* MultiPlayerGameOptionsViewController.swift in Sources */ = {isa = PBXBuildFile; fileRef = 4BB118491F8A3096002DAB2B /* MultiPlayerGameOptionsViewController.swift */; };
		4BBA30971F888C29006C46D5 /* MainWindowController.swift in Sources */ = {isa = PBXBuildFile; fileRef = 4BBA30961F888C28006C46D5 /* MainWindowController.swift */; };
		4BBA309B1F88BC33006C46D5 /* MainMenuViewController.swift in Sources */ = {isa = PBXBuildFile; fileRef = 4BBA309A1F88BC33006C46D5 /* MainMenuViewController.swift */; };
		52F39C331F995A0B0099329A /* TextFormatter.swift in Sources */ = {isa = PBXBuildFile; fileRef = 52F39C321F995A0B0099329A /* TextFormatter.swift */; };
		6B5A5CEA1F8B387600A7B009 /* RandomNumberGenerator.swift in Sources */ = {isa = PBXBuildFile; fileRef = 6B5A5CE91F8B387600A7B009 /* RandomNumberGenerator.swift */; };
		6BD98D381F9010EE00EDC2ED /* HandlingMouseClicks.swift in Sources */ = {isa = PBXBuildFile; fileRef = 6BD98D361F9010EE00EDC2ED /* HandlingMouseClicks.swift */; };
		6BD98D391F9010EE00EDC2ED /* HandlingMouseClicks.xib in Resources */ = {isa = PBXBuildFile; fileRef = 6BD98D371F9010EE00EDC2ED /* HandlingMouseClicks.xib */; };
		883BFF0F1F99E255005239AA /* mountain.map in Resources */ = {isa = PBXBuildFile; fileRef = 883BFF0E1F99E255005239AA /* mountain.map */; };
		939B087D1F8992300077D9C7 /* ListViewRenderer.swift in Sources */ = {isa = PBXBuildFile; fileRef = 939B087C1F89922F0077D9C7 /* ListViewRenderer.swift */; };
		93A955BD1F8D312100226455 /* GraphicsTileset.swift in Sources */ = {isa = PBXBuildFile; fileRef = 93A955BC1F8D312100226455 /* GraphicsTileset.swift */; };
<<<<<<< HEAD
		9B1899971F9E9019002E5D08 /* PlayerAssetType.swift in Sources */ = {isa = PBXBuildFile; fileRef = 9B1899921F9E9017002E5D08 /* PlayerAssetType.swift */; };
		9B1899981F9E9019002E5D08 /* PlayerCapability.swift in Sources */ = {isa = PBXBuildFile; fileRef = 9B1899931F9E9018002E5D08 /* PlayerCapability.swift */; };
		9B1899991F9E9019002E5D08 /* PlayerUpgrade.swift in Sources */ = {isa = PBXBuildFile; fileRef = 9B1899941F9E9018002E5D08 /* PlayerUpgrade.swift */; };
		9B18999A1F9E9019002E5D08 /* PlayerAsset.swift in Sources */ = {isa = PBXBuildFile; fileRef = 9B1899951F9E9018002E5D08 /* PlayerAsset.swift */; };
		9B18999B1F9E9019002E5D08 /* PlayerData.swift in Sources */ = {isa = PBXBuildFile; fileRef = 9B1899961F9E9019002E5D08 /* PlayerData.swift */; };
		9BDC6BBF1F99797600B9AB63 /* AssetRenderer.swift in Sources */ = {isa = PBXBuildFile; fileRef = 9BDC6BBE1F99797600B9AB63 /* AssetRenderer.swift */; };
		9BDC6BC01F9D7BD400B9AB63 /* AssetDecoratedMap.swift in Sources */ = {isa = PBXBuildFile; fileRef = 9BDC6BBC1F99786700B9AB63 /* AssetDecoratedMap.swift */; };
=======
		A10F1C361F987ACA001C8D98 /* MapRenderer.swift in Sources */ = {isa = PBXBuildFile; fileRef = A1AAF5CD1F8C5874005007C4 /* MapRenderer.swift */; };
		A19B88BC1F982AAF0090BD52 /* GameViewController.swift in Sources */ = {isa = PBXBuildFile; fileRef = E1EEAEDF1F909B5D001001B9 /* GameViewController.swift */; };
>>>>>>> master
		A1AAF57D1F872930005007C4 /* GameDataTypes.swift in Sources */ = {isa = PBXBuildFile; fileRef = A1AAF57C1F872930005007C4 /* GameDataTypes.swift */; };
		A1AAF5881F8A955D005007C4 /* TilePosition.swift in Sources */ = {isa = PBXBuildFile; fileRef = A1AAF5871F8A955D005007C4 /* TilePosition.swift */; };
		A1AAF58A1F8AD924005007C4 /* PixelPosition.swift in Sources */ = {isa = PBXBuildFile; fileRef = A1AAF5891F8AD924005007C4 /* PixelPosition.swift */; };
		A1AAF5D01F8C6001005007C4 /* LineDataSource.swift in Sources */ = {isa = PBXBuildFile; fileRef = A1AAF5CF1F8C6001005007C4 /* LineDataSource.swift */; };
		A1AAF5D21F8CA0C5005007C4 /* CommentSkipLineDataSource.swift in Sources */ = {isa = PBXBuildFile; fileRef = A1AAF5D11F8CA0C5005007C4 /* CommentSkipLineDataSource.swift */; };
		A1AE6E5F1F90B78F00D40A86 /* Tokenizer.swift in Sources */ = {isa = PBXBuildFile; fileRef = A1AE6E5E1F90B78F00D40A86 /* Tokenizer.swift */; };
		A1AE6E611F92A95200D40A86 /* PixelType.swift in Sources */ = {isa = PBXBuildFile; fileRef = A1AE6E601F92A95200D40A86 /* PixelType.swift */; };
		CE4F77F61F85DF8F004379F5 /* AppDelegate.swift in Sources */ = {isa = PBXBuildFile; fileRef = CE4F77F51F85DF8F004379F5 /* AppDelegate.swift */; };
		CE4F77FA1F85DF8F004379F5 /* Assets.xcassets in Resources */ = {isa = PBXBuildFile; fileRef = CE4F77F91F85DF8F004379F5 /* Assets.xcassets */; };
		CE4F77FD1F85DF8F004379F5 /* Main.storyboard in Resources */ = {isa = PBXBuildFile; fileRef = CE4F77FB1F85DF8F004379F5 /* Main.storyboard */; };
		DD3F34031F8C13D3006A805B /* PlayerCommand.swift in Sources */ = {isa = PBXBuildFile; fileRef = DD3F34021F8C13D3006A805B /* PlayerCommand.swift */; };
		DD3F34051F8C5369006A805B /* Rectangle.swift in Sources */ = {isa = PBXBuildFile; fileRef = 6BC677471F8C186D00953C3A /* Rectangle.swift */; };
		DD78FA0D1F94389100E0614B /* GraphicRecolorMap.swift in Sources */ = {isa = PBXBuildFile; fileRef = DD78FA0C1F94389100E0614B /* GraphicRecolorMap.swift */; };
		DDBAC41C1F987E2B0075BB57 /* GraphicMulticolorTileset.swift in Sources */ = {isa = PBXBuildFile; fileRef = DDBAC41B1F987E2B0075BB57 /* GraphicMulticolorTileset.swift */; };
		DDBC28321F881D2E00C8B8F3 /* DataContainer.swift in Sources */ = {isa = PBXBuildFile; fileRef = DDBC28311F881D2E00C8B8F3 /* DataContainer.swift */; };
		DDC38C7A1F9300CE00967EA6 /* GraphicFactory.swift in Sources */ = {isa = PBXBuildFile; fileRef = DDC38C791F9300CE00967EA6 /* GraphicFactory.swift */; };
		E10BA0921F8A13D70097867A /* VisibilityMap.swift in Sources */ = {isa = PBXBuildFile; fileRef = E10BA0911F8A13D70097867A /* VisibilityMap.swift */; };
		E14136B41F9735530086A0A6 /* TerrainMap.swift in Sources */ = {isa = PBXBuildFile; fileRef = E19A0AD21F959094001B569C /* TerrainMap.swift */; };
		E14136B61F97F8530086A0A6 /* GraphicFactoryCoreGraphics.swift in Sources */ = {isa = PBXBuildFile; fileRef = E1B8047E1F8EC79E00DE8C68 /* GraphicFactoryCoreGraphics.swift */; };
		E14136B71F97F8530086A0A6 /* Scene.sks in Sources */ = {isa = PBXBuildFile; fileRef = E1EEAEDD1F908172001001B9 /* Scene.sks */; };
		E18B688F1F8B3DC300962891 /* GraphicResourceContext.swift in Sources */ = {isa = PBXBuildFile; fileRef = E18B688E1F8B3DC300962891 /* GraphicResourceContext.swift */; };
		E18B68911F8B3DCF00962891 /* DataSource.swift in Sources */ = {isa = PBXBuildFile; fileRef = E18B68901F8B3DCF00962891 /* DataSource.swift */; };
		E18B68921F8B3E1100962891 /* Position.swift in Sources */ = {isa = PBXBuildFile; fileRef = A1AAF57E1F87E650005007C4 /* Position.swift */; };
		E199367E1F9BEE7F0064CA77 /* Terrain.dat in Resources */ = {isa = PBXBuildFile; fileRef = E199367D1F9BEE7F0064CA77 /* Terrain.dat */; };
		E1EEAEDE1F908172001001B9 /* Scene.sks in Resources */ = {isa = PBXBuildFile; fileRef = E1EEAEDD1F908172001001B9 /* Scene.sks */; };
		E1F589991F8A01C80072BE93 /* GraphicSurface.swift in Sources */ = {isa = PBXBuildFile; fileRef = E1F589981F8A01C80072BE93 /* GraphicSurface.swift */; };
/* End PBXBuildFile section */

/* Begin PBXFileReference section */
		0FDDEE831F8C29B90012A79D /* DataSink.swift */ = {isa = PBXFileReference; lastKnownFileType = sourcecode.swift; path = DataSink.swift; sourceTree = "<group>"; };
		4B12BCC71F8C376100F1E62D /* SoundManager.swift */ = {isa = PBXFileReference; lastKnownFileType = sourcecode.swift; path = SoundManager.swift; sourceTree = "<group>"; };
		4B39625F1F8ACCE7003238AB /* SplashViewController.swift */ = {isa = PBXFileReference; lastKnownFileType = sourcecode.swift; path = SplashViewController.swift; sourceTree = "<group>"; };
		4BB118411F89EF94002DAB2B /* OptionsMenuViewController.swift */ = {isa = PBXFileReference; lastKnownFileType = sourcecode.swift; path = OptionsMenuViewController.swift; sourceTree = "<group>"; };
		4BB118451F8A2511002DAB2B /* SoundOptionsMenuViewController.swift */ = {isa = PBXFileReference; lastKnownFileType = sourcecode.swift; path = SoundOptionsMenuViewController.swift; sourceTree = "<group>"; };
		4BB118471F8A297A002DAB2B /* NetworkOptionsMenuViewController.swift */ = {isa = PBXFileReference; lastKnownFileType = sourcecode.swift; path = NetworkOptionsMenuViewController.swift; sourceTree = "<group>"; };
		4BB118491F8A3096002DAB2B /* MultiPlayerGameOptionsViewController.swift */ = {isa = PBXFileReference; lastKnownFileType = sourcecode.swift; path = MultiPlayerGameOptionsViewController.swift; sourceTree = "<group>"; };
		4BBA30961F888C28006C46D5 /* MainWindowController.swift */ = {isa = PBXFileReference; lastKnownFileType = sourcecode.swift; path = MainWindowController.swift; sourceTree = "<group>"; };
		4BBA309A1F88BC33006C46D5 /* MainMenuViewController.swift */ = {isa = PBXFileReference; lastKnownFileType = sourcecode.swift; path = MainMenuViewController.swift; sourceTree = "<group>"; };
		52F39C321F995A0B0099329A /* TextFormatter.swift */ = {isa = PBXFileReference; lastKnownFileType = sourcecode.swift; path = TextFormatter.swift; sourceTree = "<group>"; };
		6B5A5CE91F8B387600A7B009 /* RandomNumberGenerator.swift */ = {isa = PBXFileReference; lastKnownFileType = sourcecode.swift; path = RandomNumberGenerator.swift; sourceTree = "<group>"; };
		6BC677471F8C186D00953C3A /* Rectangle.swift */ = {isa = PBXFileReference; lastKnownFileType = sourcecode.swift; path = Rectangle.swift; sourceTree = "<group>"; };
		6BD98D361F9010EE00EDC2ED /* HandlingMouseClicks.swift */ = {isa = PBXFileReference; lastKnownFileType = sourcecode.swift; path = HandlingMouseClicks.swift; sourceTree = "<group>"; };
		6BD98D371F9010EE00EDC2ED /* HandlingMouseClicks.xib */ = {isa = PBXFileReference; lastKnownFileType = file.xib; path = HandlingMouseClicks.xib; sourceTree = "<group>"; };
		883BFF0E1F99E255005239AA /* mountain.map */ = {isa = PBXFileReference; fileEncoding = 4; lastKnownFileType = "sourcecode.module-map"; path = mountain.map; sourceTree = "<group>"; };
		88CE06D41F9D4C86001E4642 /* hedges.map */ = {isa = PBXFileReference; fileEncoding = 4; lastKnownFileType = "sourcecode.module-map"; path = hedges.map; sourceTree = "<group>"; };
		939B087C1F89922F0077D9C7 /* ListViewRenderer.swift */ = {isa = PBXFileReference; fileEncoding = 4; lastKnownFileType = sourcecode.swift; path = ListViewRenderer.swift; sourceTree = "<group>"; };
		93A955BC1F8D312100226455 /* GraphicsTileset.swift */ = {isa = PBXFileReference; lastKnownFileType = sourcecode.swift; path = GraphicsTileset.swift; sourceTree = "<group>"; };
		9B1899921F9E9017002E5D08 /* PlayerAssetType.swift */ = {isa = PBXFileReference; fileEncoding = 4; lastKnownFileType = sourcecode.swift; path = PlayerAssetType.swift; sourceTree = "<group>"; };
		9B1899931F9E9018002E5D08 /* PlayerCapability.swift */ = {isa = PBXFileReference; fileEncoding = 4; lastKnownFileType = sourcecode.swift; path = PlayerCapability.swift; sourceTree = "<group>"; };
		9B1899941F9E9018002E5D08 /* PlayerUpgrade.swift */ = {isa = PBXFileReference; fileEncoding = 4; lastKnownFileType = sourcecode.swift; path = PlayerUpgrade.swift; sourceTree = "<group>"; };
		9B1899951F9E9018002E5D08 /* PlayerAsset.swift */ = {isa = PBXFileReference; fileEncoding = 4; lastKnownFileType = sourcecode.swift; path = PlayerAsset.swift; sourceTree = "<group>"; };
		9B1899961F9E9019002E5D08 /* PlayerData.swift */ = {isa = PBXFileReference; fileEncoding = 4; lastKnownFileType = sourcecode.swift; path = PlayerData.swift; sourceTree = "<group>"; };
		9BDC6BBC1F99786700B9AB63 /* AssetDecoratedMap.swift */ = {isa = PBXFileReference; fileEncoding = 4; lastKnownFileType = sourcecode.swift; path = AssetDecoratedMap.swift; sourceTree = "<group>"; };
		9BDC6BBE1F99797600B9AB63 /* AssetRenderer.swift */ = {isa = PBXFileReference; fileEncoding = 4; lastKnownFileType = sourcecode.swift; path = AssetRenderer.swift; sourceTree = "<group>"; };
		A1AAF57C1F872930005007C4 /* GameDataTypes.swift */ = {isa = PBXFileReference; lastKnownFileType = sourcecode.swift; path = GameDataTypes.swift; sourceTree = "<group>"; };
		A1AAF57E1F87E650005007C4 /* Position.swift */ = {isa = PBXFileReference; lastKnownFileType = sourcecode.swift; path = Position.swift; sourceTree = "<group>"; };
		A1AAF5871F8A955D005007C4 /* TilePosition.swift */ = {isa = PBXFileReference; lastKnownFileType = sourcecode.swift; path = TilePosition.swift; sourceTree = "<group>"; };
		A1AAF5891F8AD924005007C4 /* PixelPosition.swift */ = {isa = PBXFileReference; lastKnownFileType = sourcecode.swift; path = PixelPosition.swift; sourceTree = "<group>"; };
		A1AAF5CD1F8C5874005007C4 /* MapRenderer.swift */ = {isa = PBXFileReference; lastKnownFileType = sourcecode.swift; path = MapRenderer.swift; sourceTree = "<group>"; };
		A1AAF5CF1F8C6001005007C4 /* LineDataSource.swift */ = {isa = PBXFileReference; lastKnownFileType = sourcecode.swift; path = LineDataSource.swift; sourceTree = "<group>"; };
		A1AAF5D11F8CA0C5005007C4 /* CommentSkipLineDataSource.swift */ = {isa = PBXFileReference; lastKnownFileType = sourcecode.swift; path = CommentSkipLineDataSource.swift; sourceTree = "<group>"; };
		A1AE6E5E1F90B78F00D40A86 /* Tokenizer.swift */ = {isa = PBXFileReference; lastKnownFileType = sourcecode.swift; path = Tokenizer.swift; sourceTree = "<group>"; };
		A1AE6E601F92A95200D40A86 /* PixelType.swift */ = {isa = PBXFileReference; lastKnownFileType = sourcecode.swift; path = PixelType.swift; sourceTree = "<group>"; };
		CE4F77F21F85DF8F004379F5 /* WarCraft2.app */ = {isa = PBXFileReference; explicitFileType = wrapper.application; includeInIndex = 0; path = WarCraft2.app; sourceTree = BUILT_PRODUCTS_DIR; };
		CE4F77F51F85DF8F004379F5 /* AppDelegate.swift */ = {isa = PBXFileReference; lastKnownFileType = sourcecode.swift; path = AppDelegate.swift; sourceTree = "<group>"; };
		CE4F77F91F85DF8F004379F5 /* Assets.xcassets */ = {isa = PBXFileReference; lastKnownFileType = folder.assetcatalog; path = Assets.xcassets; sourceTree = "<group>"; };
		CE4F77FC1F85DF8F004379F5 /* Base */ = {isa = PBXFileReference; lastKnownFileType = file.storyboard; name = Base; path = Base.lproj/Main.storyboard; sourceTree = "<group>"; };
		CE4F77FE1F85DF8F004379F5 /* Info.plist */ = {isa = PBXFileReference; lastKnownFileType = text.plist.xml; path = Info.plist; sourceTree = "<group>"; };
		CE4F77FF1F85DF8F004379F5 /* WarCraft2.entitlements */ = {isa = PBXFileReference; lastKnownFileType = text.plist.entitlements; path = WarCraft2.entitlements; sourceTree = "<group>"; };
		DD3F34021F8C13D3006A805B /* PlayerCommand.swift */ = {isa = PBXFileReference; lastKnownFileType = sourcecode.swift; path = PlayerCommand.swift; sourceTree = "<group>"; };
		DD78FA0C1F94389100E0614B /* GraphicRecolorMap.swift */ = {isa = PBXFileReference; lastKnownFileType = sourcecode.swift; path = GraphicRecolorMap.swift; sourceTree = "<group>"; };
		DDBAC41B1F987E2B0075BB57 /* GraphicMulticolorTileset.swift */ = {isa = PBXFileReference; lastKnownFileType = sourcecode.swift; path = GraphicMulticolorTileset.swift; sourceTree = "<group>"; };
		DDBC28311F881D2E00C8B8F3 /* DataContainer.swift */ = {isa = PBXFileReference; lastKnownFileType = sourcecode.swift; path = DataContainer.swift; sourceTree = "<group>"; };
		DDC38C791F9300CE00967EA6 /* GraphicFactory.swift */ = {isa = PBXFileReference; lastKnownFileType = sourcecode.swift; path = GraphicFactory.swift; sourceTree = "<group>"; };
		E10BA0911F8A13D70097867A /* VisibilityMap.swift */ = {isa = PBXFileReference; lastKnownFileType = sourcecode.swift; path = VisibilityMap.swift; sourceTree = "<group>"; };
		E18B688E1F8B3DC300962891 /* GraphicResourceContext.swift */ = {isa = PBXFileReference; lastKnownFileType = sourcecode.swift; path = GraphicResourceContext.swift; sourceTree = "<group>"; };
		E18B68901F8B3DCF00962891 /* DataSource.swift */ = {isa = PBXFileReference; lastKnownFileType = sourcecode.swift; path = DataSource.swift; sourceTree = "<group>"; };
		E199367D1F9BEE7F0064CA77 /* Terrain.dat */ = {isa = PBXFileReference; fileEncoding = 4; lastKnownFileType = text; path = Terrain.dat; sourceTree = "<group>"; };
		E19A0AD21F959094001B569C /* TerrainMap.swift */ = {isa = PBXFileReference; lastKnownFileType = sourcecode.swift; path = TerrainMap.swift; sourceTree = "<group>"; };
		E1B8047E1F8EC79E00DE8C68 /* GraphicFactoryCoreGraphics.swift */ = {isa = PBXFileReference; lastKnownFileType = sourcecode.swift; path = GraphicFactoryCoreGraphics.swift; sourceTree = "<group>"; };
		E1EEAEDD1F908172001001B9 /* Scene.sks */ = {isa = PBXFileReference; lastKnownFileType = file.sks; path = Scene.sks; sourceTree = "<group>"; };
		E1EEAEDF1F909B5D001001B9 /* GameViewController.swift */ = {isa = PBXFileReference; lastKnownFileType = sourcecode.swift; path = GameViewController.swift; sourceTree = "<group>"; };
		E1F589981F8A01C80072BE93 /* GraphicSurface.swift */ = {isa = PBXFileReference; lastKnownFileType = sourcecode.swift; path = GraphicSurface.swift; sourceTree = "<group>"; };
/* End PBXFileReference section */

/* Begin PBXFrameworksBuildPhase section */
		CE4F77EF1F85DF8F004379F5 /* Frameworks */ = {
			isa = PBXFrameworksBuildPhase;
			buildActionMask = 2147483647;
			files = (
			);
			runOnlyForDeploymentPostprocessing = 0;
		};
/* End PBXFrameworksBuildPhase section */

/* Begin PBXGroup section */
		CE4F77E91F85DF8F004379F5 = {
			isa = PBXGroup;
			children = (
				CE4F77F41F85DF8F004379F5 /* WarCraft2 */,
				CE4F77F31F85DF8F004379F5 /* Products */,
				E18B688D1F8B3C8700962891 /* Recovered References */,
			);
			sourceTree = "<group>";
		};
		CE4F77F31F85DF8F004379F5 /* Products */ = {
			isa = PBXGroup;
			children = (
				CE4F77F21F85DF8F004379F5 /* WarCraft2.app */,
			);
			name = Products;
			sourceTree = "<group>";
		};
		CE4F77F41F85DF8F004379F5 /* WarCraft2 */ = {
			isa = PBXGroup;
			children = (
<<<<<<< HEAD
				9B1899951F9E9018002E5D08 /* PlayerAsset.swift */,
				9B1899921F9E9017002E5D08 /* PlayerAssetType.swift */,
				9B1899931F9E9018002E5D08 /* PlayerCapability.swift */,
				9B1899961F9E9019002E5D08 /* PlayerData.swift */,
				9B1899941F9E9018002E5D08 /* PlayerUpgrade.swift */,
				939B087C1F89922F0077D9C7 /* ListViewRenderer.swift */,
				0FDDEE831F8C29B90012A79D /* DataSink.swift */,
=======
				E1B45E321F9D500E009D9BF1 /* Renderers */,
				E1B45E2E1F9D4DA0009D9BF1 /* Parsing */,
>>>>>>> master
				CE4F77F51F85DF8F004379F5 /* AppDelegate.swift */,
				E1B45E2F1F9D4DB3009D9BF1 /* Controllers */,
				CE4F77FB1F85DF8F004379F5 /* Main.storyboard */,
				CE4F77F91F85DF8F004379F5 /* Assets.xcassets */,
				E1B45E301F9D4DF6009D9BF1 /* Data */,
				CE4F77FE1F85DF8F004379F5 /* Info.plist */,
				CE4F77FF1F85DF8F004379F5 /* WarCraft2.entitlements */,
				E1B45E331F9D5086009D9BF1 /* Coordinates */,
				E1B45E2D1F9D4D35009D9BF1 /* Graphics */,
				E1B45E311F9D4FF6009D9BF1 /* Maps */,
				E1EEAEDD1F908172001001B9 /* Scene.sks */,
				E1B45E341F9D513D009D9BF1 /* Players */,
				6BD98D361F9010EE00EDC2ED /* HandlingMouseClicks.swift */,
				6BD98D371F9010EE00EDC2ED /* HandlingMouseClicks.xib */,
			);
			path = WarCraft2;
			sourceTree = "<group>";
		};
		E18B688D1F8B3C8700962891 /* Recovered References */ = {
			isa = PBXGroup;
			children = (
				88CE06D41F9D4C86001E4642 /* hedges.map */,
			);
			name = "Recovered References";
			sourceTree = "<group>";
		};
		E1B45E2D1F9D4D35009D9BF1 /* Graphics */ = {
			isa = PBXGroup;
			children = (
				A1AE6E601F92A95200D40A86 /* PixelType.swift */,
				E18B688E1F8B3DC300962891 /* GraphicResourceContext.swift */,
				E1F589981F8A01C80072BE93 /* GraphicSurface.swift */,
				E1B8047E1F8EC79E00DE8C68 /* GraphicFactoryCoreGraphics.swift */,
				93A955BC1F8D312100226455 /* GraphicsTileset.swift */,
				DDC38C791F9300CE00967EA6 /* GraphicFactory.swift */,
				DD78FA0C1F94389100E0614B /* GraphicRecolorMap.swift */,
				DDBAC41B1F987E2B0075BB57 /* GraphicMulticolorTileset.swift */,
			);
			path = Graphics;
			sourceTree = "<group>";
		};
		E1B45E2E1F9D4DA0009D9BF1 /* Parsing */ = {
			isa = PBXGroup;
			children = (
				52F39C321F995A0B0099329A /* TextFormatter.swift */,
				0FDDEE831F8C29B90012A79D /* DataSink.swift */,
				DDBC28311F881D2E00C8B8F3 /* DataContainer.swift */,
				E18B68901F8B3DCF00962891 /* DataSource.swift */,
				A1AAF5CF1F8C6001005007C4 /* LineDataSource.swift */,
				A1AAF5D11F8CA0C5005007C4 /* CommentSkipLineDataSource.swift */,
				A1AE6E5E1F90B78F00D40A86 /* Tokenizer.swift */,
			);
			path = Parsing;
			sourceTree = "<group>";
		};
		E1B45E2F1F9D4DB3009D9BF1 /* Controllers */ = {
			isa = PBXGroup;
			children = (
				4BBA30961F888C28006C46D5 /* MainWindowController.swift */,
				6B5A5CE91F8B387600A7B009 /* RandomNumberGenerator.swift */,
				4B39625F1F8ACCE7003238AB /* SplashViewController.swift */,
				4B12BCC71F8C376100F1E62D /* SoundManager.swift */,
				4BBA309A1F88BC33006C46D5 /* MainMenuViewController.swift */,
				4BB118411F89EF94002DAB2B /* OptionsMenuViewController.swift */,
				4BB118471F8A297A002DAB2B /* NetworkOptionsMenuViewController.swift */,
				4BB118451F8A2511002DAB2B /* SoundOptionsMenuViewController.swift */,
				E1EEAEDF1F909B5D001001B9 /* GameViewController.swift */,
				4BB118491F8A3096002DAB2B /* MultiPlayerGameOptionsViewController.swift */,
			);
			path = Controllers;
			sourceTree = "<group>";
		};
		E1B45E301F9D4DF6009D9BF1 /* Data */ = {
			isa = PBXGroup;
			children = (
				883BFF0E1F99E255005239AA /* mountain.map */,
				E199367D1F9BEE7F0064CA77 /* Terrain.dat */,
			);
			path = Data;
			sourceTree = "<group>";
		};
		E1B45E311F9D4FF6009D9BF1 /* Maps */ = {
			isa = PBXGroup;
			children = (
				A1AAF57C1F872930005007C4 /* GameDataTypes.swift */,
				E10BA0911F8A13D70097867A /* VisibilityMap.swift */,
				E19A0AD21F959094001B569C /* TerrainMap.swift */,
			);
			path = Maps;
			sourceTree = "<group>";
		};
		E1B45E321F9D500E009D9BF1 /* Renderers */ = {
			isa = PBXGroup;
			children = (
				939B087C1F89922F0077D9C7 /* ListViewRenderer.swift */,
				A1AAF5CD1F8C5874005007C4 /* MapRenderer.swift */,
			);
			path = Renderers;
			sourceTree = "<group>";
		};
		E1B45E331F9D5086009D9BF1 /* Coordinates */ = {
			isa = PBXGroup;
			children = (
				A1AAF5871F8A955D005007C4 /* TilePosition.swift */,
				A1AAF57E1F87E650005007C4 /* Position.swift */,
				A1AAF5891F8AD924005007C4 /* PixelPosition.swift */,
				6BC677471F8C186D00953C3A /* Rectangle.swift */,
<<<<<<< HEAD
				A1AAF5CD1F8C5874005007C4 /* MapRenderer.swift */,
				A1AAF5CF1F8C6001005007C4 /* LineDataSource.swift */,
				DD3F34021F8C13D3006A805B /* PlayerCommand.swift */,
				93A955BC1F8D312100226455 /* GraphicsTileset.swift */,
				A1AAF5D11F8CA0C5005007C4 /* CommentSkipLineDataSource.swift */,
				E19A0AD21F959094001B569C /* TerrainMap.swift */,
				6BD98D361F9010EE00EDC2ED /* HandlingMouseClicks.swift */,
				6BD98D371F9010EE00EDC2ED /* HandlingMouseClicks.xib */,
				A1AE6E5E1F90B78F00D40A86 /* Tokenizer.swift */,
				A1AE6E601F92A95200D40A86 /* PixelType.swift */,
				DDC38C791F9300CE00967EA6 /* GraphicFactory.swift */,
				DD78FA0C1F94389100E0614B /* GraphicRecolorMap.swift */,
				9BDC6BBC1F99786700B9AB63 /* AssetDecoratedMap.swift */,
				9BDC6BBE1F99797600B9AB63 /* AssetRenderer.swift */,
=======
>>>>>>> master
			);
			path = Coordinates;
			sourceTree = "<group>";
		};
		E1B45E341F9D513D009D9BF1 /* Players */ = {
			isa = PBXGroup;
			children = (
				DD3F34021F8C13D3006A805B /* PlayerCommand.swift */,
			);
<<<<<<< HEAD
			name = "Recovered References";
=======
			path = Players;
>>>>>>> master
			sourceTree = "<group>";
		};
/* End PBXGroup section */

/* Begin PBXNativeTarget section */
		CE4F77F11F85DF8F004379F5 /* WarCraft2 */ = {
			isa = PBXNativeTarget;
			buildConfigurationList = CE4F78021F85DF8F004379F5 /* Build configuration list for PBXNativeTarget "WarCraft2" */;
			buildPhases = (
				CE4F78051F85E32A004379F5 /* Run Script */,
				CE4F77EE1F85DF8F004379F5 /* Sources */,
				CE4F77EF1F85DF8F004379F5 /* Frameworks */,
				CE4F77F01F85DF8F004379F5 /* Resources */,
			);
			buildRules = (
			);
			dependencies = (
			);
			name = WarCraft2;
			productName = WarCraft2;
			productReference = CE4F77F21F85DF8F004379F5 /* WarCraft2.app */;
			productType = "com.apple.product-type.application";
		};
/* End PBXNativeTarget section */

/* Begin PBXProject section */
		CE4F77EA1F85DF8F004379F5 /* Project object */ = {
			isa = PBXProject;
			attributes = {
				LastSwiftUpdateCheck = 0900;
				LastUpgradeCheck = 0900;
				ORGANIZATIONNAME = "UC Davis";
				TargetAttributes = {
					CE4F77F11F85DF8F004379F5 = {
						CreatedOnToolsVersion = 9.0;
						ProvisioningStyle = Automatic;
					};
				};
			};
			buildConfigurationList = CE4F77ED1F85DF8F004379F5 /* Build configuration list for PBXProject "WarCraft2" */;
			compatibilityVersion = "Xcode 8.0";
			developmentRegion = en;
			hasScannedForEncodings = 0;
			knownRegions = (
				en,
				Base,
			);
			mainGroup = CE4F77E91F85DF8F004379F5;
			productRefGroup = CE4F77F31F85DF8F004379F5 /* Products */;
			projectDirPath = "";
			projectRoot = "";
			targets = (
				CE4F77F11F85DF8F004379F5 /* WarCraft2 */,
			);
		};
/* End PBXProject section */

/* Begin PBXResourcesBuildPhase section */
		CE4F77F01F85DF8F004379F5 /* Resources */ = {
			isa = PBXResourcesBuildPhase;
			buildActionMask = 2147483647;
			files = (
				CE4F77FA1F85DF8F004379F5 /* Assets.xcassets in Resources */,
				CE4F77FD1F85DF8F004379F5 /* Main.storyboard in Resources */,
				E1EEAEDE1F908172001001B9 /* Scene.sks in Resources */,
				E199367E1F9BEE7F0064CA77 /* Terrain.dat in Resources */,
				6BD98D391F9010EE00EDC2ED /* HandlingMouseClicks.xib in Resources */,
				883BFF0F1F99E255005239AA /* mountain.map in Resources */,
			);
			runOnlyForDeploymentPostprocessing = 0;
		};
/* End PBXResourcesBuildPhase section */

/* Begin PBXShellScriptBuildPhase section */
		CE4F78051F85E32A004379F5 /* Run Script */ = {
			isa = PBXShellScriptBuildPhase;
			buildActionMask = 2147483647;
			files = (
			);
			inputPaths = (
			);
			name = "Run Script";
			outputPaths = (
			);
			runOnlyForDeploymentPostprocessing = 0;
			shellPath = /bin/sh;
			shellScript = "chmod u+x \"${SRCROOT}/swiftformat\"\n\"${SRCROOT}/swiftformat\" \"${SRCROOT}/WarCraft2/\"";
		};
/* End PBXShellScriptBuildPhase section */

/* Begin PBXSourcesBuildPhase section */
		CE4F77EE1F85DF8F004379F5 /* Sources */ = {
			isa = PBXSourcesBuildPhase;
			buildActionMask = 2147483647;
			files = (
				9B1899981F9E9019002E5D08 /* PlayerCapability.swift in Sources */,
				E14136B61F97F8530086A0A6 /* GraphicFactoryCoreGraphics.swift in Sources */,
				9BDC6BBF1F99797600B9AB63 /* AssetRenderer.swift in Sources */,
				9B18999A1F9E9019002E5D08 /* PlayerAsset.swift in Sources */,
				E14136B71F97F8530086A0A6 /* Scene.sks in Sources */,
				E14136B41F9735530086A0A6 /* TerrainMap.swift in Sources */,
				52F39C331F995A0B0099329A /* TextFormatter.swift in Sources */,
				E10BA0921F8A13D70097867A /* VisibilityMap.swift in Sources */,
				A1AE6E5F1F90B78F00D40A86 /* Tokenizer.swift in Sources */,
				A1AE6E611F92A95200D40A86 /* PixelType.swift in Sources */,
				4BB118461F8A2511002DAB2B /* SoundOptionsMenuViewController.swift in Sources */,
				4BB1184A1F8A3096002DAB2B /* MultiPlayerGameOptionsViewController.swift in Sources */,
				4BBA309B1F88BC33006C46D5 /* MainMenuViewController.swift in Sources */,
				4B3962601F8ACCE7003238AB /* SplashViewController.swift in Sources */,
				9BDC6BC01F9D7BD400B9AB63 /* AssetDecoratedMap.swift in Sources */,
				4BB118481F8A297A002DAB2B /* NetworkOptionsMenuViewController.swift in Sources */,
				4B12BCC81F8C376100F1E62D /* SoundManager.swift in Sources */,
				4BB118421F89EF94002DAB2B /* OptionsMenuViewController.swift in Sources */,
				DD3F34031F8C13D3006A805B /* PlayerCommand.swift in Sources */,
<<<<<<< HEAD
				9B1899971F9E9019002E5D08 /* PlayerAssetType.swift in Sources */,
=======
				DDBAC41C1F987E2B0075BB57 /* GraphicMulticolorTileset.swift in Sources */,
>>>>>>> master
				A1AAF5D21F8CA0C5005007C4 /* CommentSkipLineDataSource.swift in Sources */,
				E18B68921F8B3E1100962891 /* Position.swift in Sources */,
				E18B688F1F8B3DC300962891 /* GraphicResourceContext.swift in Sources */,
				CE4F77F61F85DF8F004379F5 /* AppDelegate.swift in Sources */,
				DD78FA0D1F94389100E0614B /* GraphicRecolorMap.swift in Sources */,
				93A955BD1F8D312100226455 /* GraphicsTileset.swift in Sources */,
				A1AAF5881F8A955D005007C4 /* TilePosition.swift in Sources */,
				A1AAF58A1F8AD924005007C4 /* PixelPosition.swift in Sources */,
				A1AAF57D1F872930005007C4 /* GameDataTypes.swift in Sources */,
				9B18999B1F9E9019002E5D08 /* PlayerData.swift in Sources */,
				4BBA30971F888C29006C46D5 /* MainWindowController.swift in Sources */,
				939B087D1F8992300077D9C7 /* ListViewRenderer.swift in Sources */,
				A10F1C361F987ACA001C8D98 /* MapRenderer.swift in Sources */,
				DDC38C7A1F9300CE00967EA6 /* GraphicFactory.swift in Sources */,
				DD3F34051F8C5369006A805B /* Rectangle.swift in Sources */,
				E1F589991F8A01C80072BE93 /* GraphicSurface.swift in Sources */,
				DDBC28321F881D2E00C8B8F3 /* DataContainer.swift in Sources */,
				9B1899991F9E9019002E5D08 /* PlayerUpgrade.swift in Sources */,
				6BD98D381F9010EE00EDC2ED /* HandlingMouseClicks.swift in Sources */,
				0FDDEE841F8C29B90012A79D /* DataSink.swift in Sources */,
				E18B68911F8B3DCF00962891 /* DataSource.swift in Sources */,
				A1AAF5D01F8C6001005007C4 /* LineDataSource.swift in Sources */,
				A19B88BC1F982AAF0090BD52 /* GameViewController.swift in Sources */,
				6B5A5CEA1F8B387600A7B009 /* RandomNumberGenerator.swift in Sources */,
			);
			runOnlyForDeploymentPostprocessing = 0;
		};
/* End PBXSourcesBuildPhase section */

/* Begin PBXVariantGroup section */
		CE4F77FB1F85DF8F004379F5 /* Main.storyboard */ = {
			isa = PBXVariantGroup;
			children = (
				CE4F77FC1F85DF8F004379F5 /* Base */,
			);
			name = Main.storyboard;
			sourceTree = "<group>";
		};
/* End PBXVariantGroup section */

/* Begin XCBuildConfiguration section */
		CE4F78001F85DF8F004379F5 /* Debug */ = {
			isa = XCBuildConfiguration;
			buildSettings = {
				ALWAYS_SEARCH_USER_PATHS = NO;
				CLANG_ANALYZER_NONNULL = YES;
				CLANG_ANALYZER_NUMBER_OBJECT_CONVERSION = YES_AGGRESSIVE;
				CLANG_CXX_LANGUAGE_STANDARD = "gnu++14";
				CLANG_CXX_LIBRARY = "libc++";
				CLANG_ENABLE_MODULES = YES;
				CLANG_ENABLE_OBJC_ARC = YES;
				CLANG_WARN_BLOCK_CAPTURE_AUTORELEASING = YES;
				CLANG_WARN_BOOL_CONVERSION = YES;
				CLANG_WARN_COMMA = YES;
				CLANG_WARN_CONSTANT_CONVERSION = YES;
				CLANG_WARN_DIRECT_OBJC_ISA_USAGE = YES_ERROR;
				CLANG_WARN_DOCUMENTATION_COMMENTS = YES;
				CLANG_WARN_EMPTY_BODY = YES;
				CLANG_WARN_ENUM_CONVERSION = YES;
				CLANG_WARN_INFINITE_RECURSION = YES;
				CLANG_WARN_INT_CONVERSION = YES;
				CLANG_WARN_NON_LITERAL_NULL_CONVERSION = YES;
				CLANG_WARN_OBJC_LITERAL_CONVERSION = YES;
				CLANG_WARN_OBJC_ROOT_CLASS = YES_ERROR;
				CLANG_WARN_RANGE_LOOP_ANALYSIS = YES;
				CLANG_WARN_STRICT_PROTOTYPES = YES;
				CLANG_WARN_SUSPICIOUS_MOVE = YES;
				CLANG_WARN_UNGUARDED_AVAILABILITY = YES_AGGRESSIVE;
				CLANG_WARN_UNREACHABLE_CODE = YES;
				CLANG_WARN__DUPLICATE_METHOD_MATCH = YES;
				CODE_SIGN_IDENTITY = "-";
				COPY_PHASE_STRIP = NO;
				DEBUG_INFORMATION_FORMAT = dwarf;
				ENABLE_STRICT_OBJC_MSGSEND = YES;
				ENABLE_TESTABILITY = YES;
				GCC_C_LANGUAGE_STANDARD = gnu11;
				GCC_DYNAMIC_NO_PIC = NO;
				GCC_NO_COMMON_BLOCKS = YES;
				GCC_OPTIMIZATION_LEVEL = 0;
				GCC_PREPROCESSOR_DEFINITIONS = (
					"DEBUG=1",
					"$(inherited)",
				);
				GCC_WARN_64_TO_32_BIT_CONVERSION = YES;
				GCC_WARN_ABOUT_RETURN_TYPE = YES_ERROR;
				GCC_WARN_UNDECLARED_SELECTOR = YES;
				GCC_WARN_UNINITIALIZED_AUTOS = YES_AGGRESSIVE;
				GCC_WARN_UNUSED_FUNCTION = YES;
				GCC_WARN_UNUSED_VARIABLE = YES;
				MACOSX_DEPLOYMENT_TARGET = 10.12;
				MTL_ENABLE_DEBUG_INFO = YES;
				ONLY_ACTIVE_ARCH = YES;
				SDKROOT = macosx;
				SWIFT_ACTIVE_COMPILATION_CONDITIONS = DEBUG;
				SWIFT_OPTIMIZATION_LEVEL = "-Onone";
			};
			name = Debug;
		};
		CE4F78011F85DF8F004379F5 /* Release */ = {
			isa = XCBuildConfiguration;
			buildSettings = {
				ALWAYS_SEARCH_USER_PATHS = NO;
				CLANG_ANALYZER_NONNULL = YES;
				CLANG_ANALYZER_NUMBER_OBJECT_CONVERSION = YES_AGGRESSIVE;
				CLANG_CXX_LANGUAGE_STANDARD = "gnu++14";
				CLANG_CXX_LIBRARY = "libc++";
				CLANG_ENABLE_MODULES = YES;
				CLANG_ENABLE_OBJC_ARC = YES;
				CLANG_WARN_BLOCK_CAPTURE_AUTORELEASING = YES;
				CLANG_WARN_BOOL_CONVERSION = YES;
				CLANG_WARN_COMMA = YES;
				CLANG_WARN_CONSTANT_CONVERSION = YES;
				CLANG_WARN_DIRECT_OBJC_ISA_USAGE = YES_ERROR;
				CLANG_WARN_DOCUMENTATION_COMMENTS = YES;
				CLANG_WARN_EMPTY_BODY = YES;
				CLANG_WARN_ENUM_CONVERSION = YES;
				CLANG_WARN_INFINITE_RECURSION = YES;
				CLANG_WARN_INT_CONVERSION = YES;
				CLANG_WARN_NON_LITERAL_NULL_CONVERSION = YES;
				CLANG_WARN_OBJC_LITERAL_CONVERSION = YES;
				CLANG_WARN_OBJC_ROOT_CLASS = YES_ERROR;
				CLANG_WARN_RANGE_LOOP_ANALYSIS = YES;
				CLANG_WARN_STRICT_PROTOTYPES = YES;
				CLANG_WARN_SUSPICIOUS_MOVE = YES;
				CLANG_WARN_UNGUARDED_AVAILABILITY = YES_AGGRESSIVE;
				CLANG_WARN_UNREACHABLE_CODE = YES;
				CLANG_WARN__DUPLICATE_METHOD_MATCH = YES;
				CODE_SIGN_IDENTITY = "-";
				COPY_PHASE_STRIP = NO;
				DEBUG_INFORMATION_FORMAT = "dwarf-with-dsym";
				ENABLE_NS_ASSERTIONS = NO;
				ENABLE_STRICT_OBJC_MSGSEND = YES;
				GCC_C_LANGUAGE_STANDARD = gnu11;
				GCC_NO_COMMON_BLOCKS = YES;
				GCC_WARN_64_TO_32_BIT_CONVERSION = YES;
				GCC_WARN_ABOUT_RETURN_TYPE = YES_ERROR;
				GCC_WARN_UNDECLARED_SELECTOR = YES;
				GCC_WARN_UNINITIALIZED_AUTOS = YES_AGGRESSIVE;
				GCC_WARN_UNUSED_FUNCTION = YES;
				GCC_WARN_UNUSED_VARIABLE = YES;
				MACOSX_DEPLOYMENT_TARGET = 10.12;
				MTL_ENABLE_DEBUG_INFO = NO;
				SDKROOT = macosx;
				SWIFT_OPTIMIZATION_LEVEL = "-Owholemodule";
			};
			name = Release;
		};
		CE4F78031F85DF8F004379F5 /* Debug */ = {
			isa = XCBuildConfiguration;
			buildSettings = {
				ASSETCATALOG_COMPILER_APPICON_NAME = AppIcon;
				CODE_SIGN_ENTITLEMENTS = WarCraft2/WarCraft2.entitlements;
				CODE_SIGN_STYLE = Automatic;
				COMBINE_HIDPI_IMAGES = YES;
				INFOPLIST_FILE = WarCraft2/Info.plist;
				LD_RUNPATH_SEARCH_PATHS = "$(inherited) @executable_path/../Frameworks";
				PRODUCT_BUNDLE_IDENTIFIER = edu.ucdavis.WarCraft2;
				PRODUCT_NAME = "$(TARGET_NAME)";
				SWIFT_VERSION = 4.0;
			};
			name = Debug;
		};
		CE4F78041F85DF8F004379F5 /* Release */ = {
			isa = XCBuildConfiguration;
			buildSettings = {
				ASSETCATALOG_COMPILER_APPICON_NAME = AppIcon;
				CODE_SIGN_ENTITLEMENTS = WarCraft2/WarCraft2.entitlements;
				CODE_SIGN_STYLE = Automatic;
				COMBINE_HIDPI_IMAGES = YES;
				INFOPLIST_FILE = WarCraft2/Info.plist;
				LD_RUNPATH_SEARCH_PATHS = "$(inherited) @executable_path/../Frameworks";
				PRODUCT_BUNDLE_IDENTIFIER = edu.ucdavis.WarCraft2;
				PRODUCT_NAME = "$(TARGET_NAME)";
				SWIFT_VERSION = 4.0;
			};
			name = Release;
		};
/* End XCBuildConfiguration section */

/* Begin XCConfigurationList section */
		CE4F77ED1F85DF8F004379F5 /* Build configuration list for PBXProject "WarCraft2" */ = {
			isa = XCConfigurationList;
			buildConfigurations = (
				CE4F78001F85DF8F004379F5 /* Debug */,
				CE4F78011F85DF8F004379F5 /* Release */,
			);
			defaultConfigurationIsVisible = 0;
			defaultConfigurationName = Release;
		};
		CE4F78021F85DF8F004379F5 /* Build configuration list for PBXNativeTarget "WarCraft2" */ = {
			isa = XCConfigurationList;
			buildConfigurations = (
				CE4F78031F85DF8F004379F5 /* Debug */,
				CE4F78041F85DF8F004379F5 /* Release */,
			);
			defaultConfigurationIsVisible = 0;
			defaultConfigurationName = Release;
		};
/* End XCConfigurationList section */
	};
	rootObject = CE4F77EA1F85DF8F004379F5 /* Project object */;
}
